
Microsoft Visual Studio Solution File, Format Version 12.00
# Visual Studio Version 17
VisualStudioVersion = 17.8.34408.163
MinimumVisualStudioVersion = 10.0.40219.1
Project("{FAE04EC0-301F-11D3-BF4B-00C04F79EFBC}") = "UsoListas", "UsoListas.csproj", "{843A1B90-E9F5-4FDE-919C-C85E5FD227A9}"
EndProject
Global
	GlobalSection(SolutionConfigurationPlatforms) = preSolution
		Debug|Any CPU = Debug|Any CPU
		Release|Any CPU = Release|Any CPU
	EndGlobalSection
	GlobalSection(ProjectConfigurationPlatforms) = postSolution
		{843A1B90-E9F5-4FDE-919C-C85E5FD227A9}.Debug|Any CPU.ActiveCfg = Debug|Any CPU
		{843A1B90-E9F5-4FDE-919C-C85E5FD227A9}.Debug|Any CPU.Build.0 = Debug|Any CPU
		{843A1B90-E9F5-4FDE-919C-C85E5FD227A9}.Release|Any CPU.ActiveCfg = Release|Any CPU
		{843A1B90-E9F5-4FDE-919C-C85E5FD227A9}.Release|Any CPU.Build.0 = Release|Any CPU
	EndGlobalSection
	GlobalSection(SolutionProperties) = preSolution
		HideSolutionNode = FALSE
	EndGlobalSection
	GlobalSection(ExtensibilityGlobals) = postSolution
		SolutionGuid = {1D7BD0D1-1719-46CC-82BB-B4BB08122BAB}
	EndGlobalSection
EndGlobal
